
Microsoft Visual Studio Solution File, Format Version 12.00
# Visual Studio Version 17
VisualStudioVersion = 17.1.32421.90
MinimumVisualStudioVersion = 10.0.40219.1
Project("{FAE04EC0-301F-11D3-BF4B-00C04F79EFBC}") = "exercicio5_AprovadoReprovado", "exercicio5_AprovadoReprovado.csproj", "{DC65929E-095D-4103-964C-CF1708C31B16}"
EndProject
Global
	GlobalSection(SolutionConfigurationPlatforms) = preSolution
		Debug|Any CPU = Debug|Any CPU
		Release|Any CPU = Release|Any CPU
	EndGlobalSection
	GlobalSection(ProjectConfigurationPlatforms) = postSolution
		{DC65929E-095D-4103-964C-CF1708C31B16}.Debug|Any CPU.ActiveCfg = Debug|Any CPU
		{DC65929E-095D-4103-964C-CF1708C31B16}.Debug|Any CPU.Build.0 = Debug|Any CPU
		{DC65929E-095D-4103-964C-CF1708C31B16}.Release|Any CPU.ActiveCfg = Release|Any CPU
		{DC65929E-095D-4103-964C-CF1708C31B16}.Release|Any CPU.Build.0 = Release|Any CPU
	EndGlobalSection
	GlobalSection(SolutionProperties) = preSolution
		HideSolutionNode = FALSE
	EndGlobalSection
	GlobalSection(ExtensibilityGlobals) = postSolution
		SolutionGuid = {F4965726-0669-4166-BA35-5751B804F915}
	EndGlobalSection
EndGlobal
