
Microsoft Visual Studio Solution File, Format Version 12.00
# Visual Studio Version 17
VisualStudioVersion = 17.1.32421.90
MinimumVisualStudioVersion = 10.0.40219.1
Project("{FAE04EC0-301F-11D3-BF4B-00C04F79EFBC}") = "Drop6_listaArquivoEscrita", "Drop6_listaArquivoEscrita.csproj", "{659FAD44-A6A2-478B-8970-D8384BCF3404}"
EndProject
Global
	GlobalSection(SolutionConfigurationPlatforms) = preSolution
		Debug|Any CPU = Debug|Any CPU
		Release|Any CPU = Release|Any CPU
	EndGlobalSection
	GlobalSection(ProjectConfigurationPlatforms) = postSolution
		{659FAD44-A6A2-478B-8970-D8384BCF3404}.Debug|Any CPU.ActiveCfg = Debug|Any CPU
		{659FAD44-A6A2-478B-8970-D8384BCF3404}.Debug|Any CPU.Build.0 = Debug|Any CPU
		{659FAD44-A6A2-478B-8970-D8384BCF3404}.Release|Any CPU.ActiveCfg = Release|Any CPU
		{659FAD44-A6A2-478B-8970-D8384BCF3404}.Release|Any CPU.Build.0 = Release|Any CPU
	EndGlobalSection
	GlobalSection(SolutionProperties) = preSolution
		HideSolutionNode = FALSE
	EndGlobalSection
	GlobalSection(ExtensibilityGlobals) = postSolution
		SolutionGuid = {4657A592-A4C3-4525-BFBC-8B98C439E7C1}
	EndGlobalSection
EndGlobal
