
Microsoft Visual Studio Solution File, Format Version 12.00
# Visual Studio Version 17
VisualStudioVersion = 17.1.32421.90
MinimumVisualStudioVersion = 10.0.40219.1
Project("{FAE04EC0-301F-11D3-BF4B-00C04F79EFBC}") = "exercicio10_atleta", "exercicio10_atleta.csproj", "{48A3F0FE-B25E-42FE-A6D0-C19C61B87FBC}"
EndProject
Global
	GlobalSection(SolutionConfigurationPlatforms) = preSolution
		Debug|Any CPU = Debug|Any CPU
		Release|Any CPU = Release|Any CPU
	EndGlobalSection
	GlobalSection(ProjectConfigurationPlatforms) = postSolution
		{48A3F0FE-B25E-42FE-A6D0-C19C61B87FBC}.Debug|Any CPU.ActiveCfg = Debug|Any CPU
		{48A3F0FE-B25E-42FE-A6D0-C19C61B87FBC}.Debug|Any CPU.Build.0 = Debug|Any CPU
		{48A3F0FE-B25E-42FE-A6D0-C19C61B87FBC}.Release|Any CPU.ActiveCfg = Release|Any CPU
		{48A3F0FE-B25E-42FE-A6D0-C19C61B87FBC}.Release|Any CPU.Build.0 = Release|Any CPU
	EndGlobalSection
	GlobalSection(SolutionProperties) = preSolution
		HideSolutionNode = FALSE
	EndGlobalSection
	GlobalSection(ExtensibilityGlobals) = postSolution
		SolutionGuid = {064FC6CB-2B71-4C6D-9547-43C4D95B16D7}
	EndGlobalSection
EndGlobal
