
Microsoft Visual Studio Solution File, Format Version 12.00
# Visual Studio Version 17
VisualStudioVersion = 17.1.32421.90
MinimumVisualStudioVersion = 10.0.40219.1
Project("{FAE04EC0-301F-11D3-BF4B-00C04F79EFBC}") = "Aula030622", "Aula030622.csproj", "{13DA8D0F-FDB4-4C4B-ACBC-771E8DB47CD3}"
EndProject
Global
	GlobalSection(SolutionConfigurationPlatforms) = preSolution
		Debug|Any CPU = Debug|Any CPU
		Release|Any CPU = Release|Any CPU
	EndGlobalSection
	GlobalSection(ProjectConfigurationPlatforms) = postSolution
		{13DA8D0F-FDB4-4C4B-ACBC-771E8DB47CD3}.Debug|Any CPU.ActiveCfg = Debug|Any CPU
		{13DA8D0F-FDB4-4C4B-ACBC-771E8DB47CD3}.Debug|Any CPU.Build.0 = Debug|Any CPU
		{13DA8D0F-FDB4-4C4B-ACBC-771E8DB47CD3}.Release|Any CPU.ActiveCfg = Release|Any CPU
		{13DA8D0F-FDB4-4C4B-ACBC-771E8DB47CD3}.Release|Any CPU.Build.0 = Release|Any CPU
	EndGlobalSection
	GlobalSection(SolutionProperties) = preSolution
		HideSolutionNode = FALSE
	EndGlobalSection
	GlobalSection(ExtensibilityGlobals) = postSolution
		SolutionGuid = {F459AF24-DFF5-4BA5-A8DE-208E3382238D}
	EndGlobalSection
EndGlobal
