
Microsoft Visual Studio Solution File, Format Version 12.00
# Visual Studio Version 17
VisualStudioVersion = 17.1.32421.90
MinimumVisualStudioVersion = 10.0.40219.1
Project("{FAE04EC0-301F-11D3-BF4B-00C04F79EFBC}") = "exemplos", "exemplos.csproj", "{4C5AD803-D5A6-4121-817E-678A11A3F351}"
EndProject
Global
	GlobalSection(SolutionConfigurationPlatforms) = preSolution
		Debug|Any CPU = Debug|Any CPU
		Release|Any CPU = Release|Any CPU
	EndGlobalSection
	GlobalSection(ProjectConfigurationPlatforms) = postSolution
		{4C5AD803-D5A6-4121-817E-678A11A3F351}.Debug|Any CPU.ActiveCfg = Debug|Any CPU
		{4C5AD803-D5A6-4121-817E-678A11A3F351}.Debug|Any CPU.Build.0 = Debug|Any CPU
		{4C5AD803-D5A6-4121-817E-678A11A3F351}.Release|Any CPU.ActiveCfg = Release|Any CPU
		{4C5AD803-D5A6-4121-817E-678A11A3F351}.Release|Any CPU.Build.0 = Release|Any CPU
	EndGlobalSection
	GlobalSection(SolutionProperties) = preSolution
		HideSolutionNode = FALSE
	EndGlobalSection
	GlobalSection(ExtensibilityGlobals) = postSolution
		SolutionGuid = {6F036955-286C-42F8-A0BD-5E9E339F4F53}
	EndGlobalSection
EndGlobal
