
Microsoft Visual Studio Solution File, Format Version 12.00
# Visual Studio Version 17
VisualStudioVersion = 17.1.32421.90
MinimumVisualStudioVersion = 10.0.40219.1
Project("{FAE04EC0-301F-11D3-BF4B-00C04F79EFBC}") = "ClasseLivro", "ClasseLivro.csproj", "{75CC1F3F-6512-49E3-971B-C306918219EF}"
EndProject
Global
	GlobalSection(SolutionConfigurationPlatforms) = preSolution
		Debug|Any CPU = Debug|Any CPU
		Release|Any CPU = Release|Any CPU
	EndGlobalSection
	GlobalSection(ProjectConfigurationPlatforms) = postSolution
		{75CC1F3F-6512-49E3-971B-C306918219EF}.Debug|Any CPU.ActiveCfg = Debug|Any CPU
		{75CC1F3F-6512-49E3-971B-C306918219EF}.Debug|Any CPU.Build.0 = Debug|Any CPU
		{75CC1F3F-6512-49E3-971B-C306918219EF}.Release|Any CPU.ActiveCfg = Release|Any CPU
		{75CC1F3F-6512-49E3-971B-C306918219EF}.Release|Any CPU.Build.0 = Release|Any CPU
	EndGlobalSection
	GlobalSection(SolutionProperties) = preSolution
		HideSolutionNode = FALSE
	EndGlobalSection
	GlobalSection(ExtensibilityGlobals) = postSolution
		SolutionGuid = {ADFD5C13-B1F9-438E-87BA-855FC1BDA3CD}
	EndGlobalSection
EndGlobal
