
Microsoft Visual Studio Solution File, Format Version 12.00
# Visual Studio Version 17
VisualStudioVersion = 17.1.32421.90
MinimumVisualStudioVersion = 10.0.40219.1
Project("{FAE04EC0-301F-11D3-BF4B-00C04F79EFBC}") = "EstruturasCondicionais", "EstruturasCondicionais.csproj", "{A3DA8B47-D062-4366-B984-F38F893CE9E4}"
EndProject
Global
	GlobalSection(SolutionConfigurationPlatforms) = preSolution
		Debug|Any CPU = Debug|Any CPU
		Release|Any CPU = Release|Any CPU
	EndGlobalSection
	GlobalSection(ProjectConfigurationPlatforms) = postSolution
		{A3DA8B47-D062-4366-B984-F38F893CE9E4}.Debug|Any CPU.ActiveCfg = Debug|Any CPU
		{A3DA8B47-D062-4366-B984-F38F893CE9E4}.Debug|Any CPU.Build.0 = Debug|Any CPU
		{A3DA8B47-D062-4366-B984-F38F893CE9E4}.Release|Any CPU.ActiveCfg = Release|Any CPU
		{A3DA8B47-D062-4366-B984-F38F893CE9E4}.Release|Any CPU.Build.0 = Release|Any CPU
	EndGlobalSection
	GlobalSection(SolutionProperties) = preSolution
		HideSolutionNode = FALSE
	EndGlobalSection
	GlobalSection(ExtensibilityGlobals) = postSolution
		SolutionGuid = {F97FCEAD-518A-4FF8-B0D6-260D4F8F4B89}
	EndGlobalSection
EndGlobal
