
Microsoft Visual Studio Solution File, Format Version 12.00
# Visual Studio Version 17
VisualStudioVersion = 17.1.32421.90
MinimumVisualStudioVersion = 10.0.40219.1
Project("{FAE04EC0-301F-11D3-BF4B-00C04F79EFBC}") = "Carro", "Carro.csproj", "{9859B8C3-201A-40E0-92AD-E92190D8EA27}"
EndProject
Global
	GlobalSection(SolutionConfigurationPlatforms) = preSolution
		Debug|Any CPU = Debug|Any CPU
		Release|Any CPU = Release|Any CPU
	EndGlobalSection
	GlobalSection(ProjectConfigurationPlatforms) = postSolution
		{9859B8C3-201A-40E0-92AD-E92190D8EA27}.Debug|Any CPU.ActiveCfg = Debug|Any CPU
		{9859B8C3-201A-40E0-92AD-E92190D8EA27}.Debug|Any CPU.Build.0 = Debug|Any CPU
		{9859B8C3-201A-40E0-92AD-E92190D8EA27}.Release|Any CPU.ActiveCfg = Release|Any CPU
		{9859B8C3-201A-40E0-92AD-E92190D8EA27}.Release|Any CPU.Build.0 = Release|Any CPU
	EndGlobalSection
	GlobalSection(SolutionProperties) = preSolution
		HideSolutionNode = FALSE
	EndGlobalSection
	GlobalSection(ExtensibilityGlobals) = postSolution
		SolutionGuid = {2BFE2D09-97C4-4AE0-B7D0-181CA98FC7EF}
	EndGlobalSection
EndGlobal
