
Microsoft Visual Studio Solution File, Format Version 12.00
# Visual Studio Version 17
VisualStudioVersion = 17.1.32421.90
MinimumVisualStudioVersion = 10.0.40219.1
Project("{FAE04EC0-301F-11D3-BF4B-00C04F79EFBC}") = "03_LerArquivo_Lista", "03_LerArquivo_Lista.csproj", "{A60964C1-3C8C-4213-BD6A-F01135D2C535}"
EndProject
Global
	GlobalSection(SolutionConfigurationPlatforms) = preSolution
		Debug|Any CPU = Debug|Any CPU
		Release|Any CPU = Release|Any CPU
	EndGlobalSection
	GlobalSection(ProjectConfigurationPlatforms) = postSolution
		{A60964C1-3C8C-4213-BD6A-F01135D2C535}.Debug|Any CPU.ActiveCfg = Debug|Any CPU
		{A60964C1-3C8C-4213-BD6A-F01135D2C535}.Debug|Any CPU.Build.0 = Debug|Any CPU
		{A60964C1-3C8C-4213-BD6A-F01135D2C535}.Release|Any CPU.ActiveCfg = Release|Any CPU
		{A60964C1-3C8C-4213-BD6A-F01135D2C535}.Release|Any CPU.Build.0 = Release|Any CPU
	EndGlobalSection
	GlobalSection(SolutionProperties) = preSolution
		HideSolutionNode = FALSE
	EndGlobalSection
	GlobalSection(ExtensibilityGlobals) = postSolution
		SolutionGuid = {C50AB7B7-8B45-4585-B490-263959A3C461}
	EndGlobalSection
EndGlobal
