
Microsoft Visual Studio Solution File, Format Version 12.00
# Visual Studio Version 17
VisualStudioVersion = 17.1.32421.90
MinimumVisualStudioVersion = 10.0.40219.1
Project("{FAE04EC0-301F-11D3-BF4B-00C04F79EFBC}") = "exercicio13_PesoIdeal", "exercicio13_PesoIdeal.csproj", "{AC9202D0-1668-49CB-B3CE-62E13FC37C31}"
EndProject
Global
	GlobalSection(SolutionConfigurationPlatforms) = preSolution
		Debug|Any CPU = Debug|Any CPU
		Release|Any CPU = Release|Any CPU
	EndGlobalSection
	GlobalSection(ProjectConfigurationPlatforms) = postSolution
		{AC9202D0-1668-49CB-B3CE-62E13FC37C31}.Debug|Any CPU.ActiveCfg = Debug|Any CPU
		{AC9202D0-1668-49CB-B3CE-62E13FC37C31}.Debug|Any CPU.Build.0 = Debug|Any CPU
		{AC9202D0-1668-49CB-B3CE-62E13FC37C31}.Release|Any CPU.ActiveCfg = Release|Any CPU
		{AC9202D0-1668-49CB-B3CE-62E13FC37C31}.Release|Any CPU.Build.0 = Release|Any CPU
	EndGlobalSection
	GlobalSection(SolutionProperties) = preSolution
		HideSolutionNode = FALSE
	EndGlobalSection
	GlobalSection(ExtensibilityGlobals) = postSolution
		SolutionGuid = {61639F35-E068-46FA-BF52-5A7CB76AAC26}
	EndGlobalSection
EndGlobal
