
Microsoft Visual Studio Solution File, Format Version 12.00
# Visual Studio Version 17
VisualStudioVersion = 17.1.32421.90
MinimumVisualStudioVersion = 10.0.40219.1
Project("{FAE04EC0-301F-11D3-BF4B-00C04F79EFBC}") = "exemplo1", "exemplo1.csproj", "{F67EF1AC-B27E-4F46-ABD1-005D4AF80D51}"
EndProject
Global
	GlobalSection(SolutionConfigurationPlatforms) = preSolution
		Debug|Any CPU = Debug|Any CPU
		Release|Any CPU = Release|Any CPU
	EndGlobalSection
	GlobalSection(ProjectConfigurationPlatforms) = postSolution
		{F67EF1AC-B27E-4F46-ABD1-005D4AF80D51}.Debug|Any CPU.ActiveCfg = Debug|Any CPU
		{F67EF1AC-B27E-4F46-ABD1-005D4AF80D51}.Debug|Any CPU.Build.0 = Debug|Any CPU
		{F67EF1AC-B27E-4F46-ABD1-005D4AF80D51}.Release|Any CPU.ActiveCfg = Release|Any CPU
		{F67EF1AC-B27E-4F46-ABD1-005D4AF80D51}.Release|Any CPU.Build.0 = Release|Any CPU
	EndGlobalSection
	GlobalSection(SolutionProperties) = preSolution
		HideSolutionNode = FALSE
	EndGlobalSection
	GlobalSection(ExtensibilityGlobals) = postSolution
		SolutionGuid = {563883D8-EE9A-4327-8495-648BD487F5C3}
	EndGlobalSection
EndGlobal
