
Microsoft Visual Studio Solution File, Format Version 12.00
# Visual Studio Version 17
VisualStudioVersion = 17.1.32421.90
MinimumVisualStudioVersion = 10.0.40219.1
Project("{FAE04EC0-301F-11D3-BF4B-00C04F79EFBC}") = "Exercicio06", "Exercicio06.csproj", "{A79E1B49-4858-4EAE-99D9-2185A1EFC6D0}"
EndProject
Global
	GlobalSection(SolutionConfigurationPlatforms) = preSolution
		Debug|Any CPU = Debug|Any CPU
		Release|Any CPU = Release|Any CPU
	EndGlobalSection
	GlobalSection(ProjectConfigurationPlatforms) = postSolution
		{A79E1B49-4858-4EAE-99D9-2185A1EFC6D0}.Debug|Any CPU.ActiveCfg = Debug|Any CPU
		{A79E1B49-4858-4EAE-99D9-2185A1EFC6D0}.Debug|Any CPU.Build.0 = Debug|Any CPU
		{A79E1B49-4858-4EAE-99D9-2185A1EFC6D0}.Release|Any CPU.ActiveCfg = Release|Any CPU
		{A79E1B49-4858-4EAE-99D9-2185A1EFC6D0}.Release|Any CPU.Build.0 = Release|Any CPU
	EndGlobalSection
	GlobalSection(SolutionProperties) = preSolution
		HideSolutionNode = FALSE
	EndGlobalSection
	GlobalSection(ExtensibilityGlobals) = postSolution
		SolutionGuid = {79F760D7-9F2F-4512-A048-884FCC063D0C}
	EndGlobalSection
EndGlobal
