
Microsoft Visual Studio Solution File, Format Version 12.00
# Visual Studio Version 17
VisualStudioVersion = 17.1.32421.90
MinimumVisualStudioVersion = 10.0.40219.1
Project("{FAE04EC0-301F-11D3-BF4B-00C04F79EFBC}") = "Exercicio2", "Exercicio2.csproj", "{46063C2D-D593-4656-BF40-58EA05DD00D5}"
EndProject
Global
	GlobalSection(SolutionConfigurationPlatforms) = preSolution
		Debug|Any CPU = Debug|Any CPU
		Release|Any CPU = Release|Any CPU
	EndGlobalSection
	GlobalSection(ProjectConfigurationPlatforms) = postSolution
		{46063C2D-D593-4656-BF40-58EA05DD00D5}.Debug|Any CPU.ActiveCfg = Debug|Any CPU
		{46063C2D-D593-4656-BF40-58EA05DD00D5}.Debug|Any CPU.Build.0 = Debug|Any CPU
		{46063C2D-D593-4656-BF40-58EA05DD00D5}.Release|Any CPU.ActiveCfg = Release|Any CPU
		{46063C2D-D593-4656-BF40-58EA05DD00D5}.Release|Any CPU.Build.0 = Release|Any CPU
	EndGlobalSection
	GlobalSection(SolutionProperties) = preSolution
		HideSolutionNode = FALSE
	EndGlobalSection
	GlobalSection(ExtensibilityGlobals) = postSolution
		SolutionGuid = {11B5D193-5275-46C1-B486-1FDE859F16E6}
	EndGlobalSection
EndGlobal
