
Microsoft Visual Studio Solution File, Format Version 12.00
# Visual Studio Version 17
VisualStudioVersion = 17.1.32421.90
MinimumVisualStudioVersion = 10.0.40219.1
Project("{FAE04EC0-301F-11D3-BF4B-00C04F79EFBC}") = "Classes_exemplos", "Classes_exemplos.csproj", "{104A38E4-556F-4FC4-9486-B72B83DD7458}"
EndProject
Global
	GlobalSection(SolutionConfigurationPlatforms) = preSolution
		Debug|Any CPU = Debug|Any CPU
		Release|Any CPU = Release|Any CPU
	EndGlobalSection
	GlobalSection(ProjectConfigurationPlatforms) = postSolution
		{104A38E4-556F-4FC4-9486-B72B83DD7458}.Debug|Any CPU.ActiveCfg = Debug|Any CPU
		{104A38E4-556F-4FC4-9486-B72B83DD7458}.Debug|Any CPU.Build.0 = Debug|Any CPU
		{104A38E4-556F-4FC4-9486-B72B83DD7458}.Release|Any CPU.ActiveCfg = Release|Any CPU
		{104A38E4-556F-4FC4-9486-B72B83DD7458}.Release|Any CPU.Build.0 = Release|Any CPU
	EndGlobalSection
	GlobalSection(SolutionProperties) = preSolution
		HideSolutionNode = FALSE
	EndGlobalSection
	GlobalSection(ExtensibilityGlobals) = postSolution
		SolutionGuid = {76F26E93-4B31-484B-9FC0-9EB64D60C86D}
	EndGlobalSection
EndGlobal
