
Microsoft Visual Studio Solution File, Format Version 12.00
# Visual Studio Version 17
VisualStudioVersion = 17.1.32421.90
MinimumVisualStudioVersion = 10.0.40219.1
Project("{FAE04EC0-301F-11D3-BF4B-00C04F79EFBC}") = "ProjetoOO", "ProjetoOO.csproj", "{AA04B5E0-9414-4F41-8D05-DB4EE0960EF8}"
EndProject
Global
	GlobalSection(SolutionConfigurationPlatforms) = preSolution
		Debug|Any CPU = Debug|Any CPU
		Release|Any CPU = Release|Any CPU
	EndGlobalSection
	GlobalSection(ProjectConfigurationPlatforms) = postSolution
		{AA04B5E0-9414-4F41-8D05-DB4EE0960EF8}.Debug|Any CPU.ActiveCfg = Debug|Any CPU
		{AA04B5E0-9414-4F41-8D05-DB4EE0960EF8}.Debug|Any CPU.Build.0 = Debug|Any CPU
		{AA04B5E0-9414-4F41-8D05-DB4EE0960EF8}.Release|Any CPU.ActiveCfg = Release|Any CPU
		{AA04B5E0-9414-4F41-8D05-DB4EE0960EF8}.Release|Any CPU.Build.0 = Release|Any CPU
	EndGlobalSection
	GlobalSection(SolutionProperties) = preSolution
		HideSolutionNode = FALSE
	EndGlobalSection
	GlobalSection(ExtensibilityGlobals) = postSolution
		SolutionGuid = {9646FC80-8B09-43CD-9D5F-AB0E1DCF208F}
	EndGlobalSection
EndGlobal
