
Microsoft Visual Studio Solution File, Format Version 12.00
# Visual Studio Version 17
VisualStudioVersion = 17.1.32421.90
MinimumVisualStudioVersion = 10.0.40219.1
Project("{FAE04EC0-301F-11D3-BF4B-00C04F79EFBC}") = "MediaAritmetica", "MediaAritmetica.csproj", "{67384A4B-5322-4997-8266-B5161679B289}"
EndProject
Global
	GlobalSection(SolutionConfigurationPlatforms) = preSolution
		Debug|Any CPU = Debug|Any CPU
		Release|Any CPU = Release|Any CPU
	EndGlobalSection
	GlobalSection(ProjectConfigurationPlatforms) = postSolution
		{67384A4B-5322-4997-8266-B5161679B289}.Debug|Any CPU.ActiveCfg = Debug|Any CPU
		{67384A4B-5322-4997-8266-B5161679B289}.Debug|Any CPU.Build.0 = Debug|Any CPU
		{67384A4B-5322-4997-8266-B5161679B289}.Release|Any CPU.ActiveCfg = Release|Any CPU
		{67384A4B-5322-4997-8266-B5161679B289}.Release|Any CPU.Build.0 = Release|Any CPU
	EndGlobalSection
	GlobalSection(SolutionProperties) = preSolution
		HideSolutionNode = FALSE
	EndGlobalSection
	GlobalSection(ExtensibilityGlobals) = postSolution
		SolutionGuid = {43E34579-B374-4DF1-8300-A538AF28FE0F}
	EndGlobalSection
EndGlobal
