
Microsoft Visual Studio Solution File, Format Version 12.00
# Visual Studio Version 17
VisualStudioVersion = 17.1.32421.90
MinimumVisualStudioVersion = 10.0.40219.1
Project("{FAE04EC0-301F-11D3-BF4B-00C04F79EFBC}") = "exemplo12_calculadora", "exemplo12_calculadora.csproj", "{CA892C85-0BE8-4DCD-8309-6DA176920A99}"
EndProject
Global
	GlobalSection(SolutionConfigurationPlatforms) = preSolution
		Debug|Any CPU = Debug|Any CPU
		Release|Any CPU = Release|Any CPU
	EndGlobalSection
	GlobalSection(ProjectConfigurationPlatforms) = postSolution
		{CA892C85-0BE8-4DCD-8309-6DA176920A99}.Debug|Any CPU.ActiveCfg = Debug|Any CPU
		{CA892C85-0BE8-4DCD-8309-6DA176920A99}.Debug|Any CPU.Build.0 = Debug|Any CPU
		{CA892C85-0BE8-4DCD-8309-6DA176920A99}.Release|Any CPU.ActiveCfg = Release|Any CPU
		{CA892C85-0BE8-4DCD-8309-6DA176920A99}.Release|Any CPU.Build.0 = Release|Any CPU
	EndGlobalSection
	GlobalSection(SolutionProperties) = preSolution
		HideSolutionNode = FALSE
	EndGlobalSection
	GlobalSection(ExtensibilityGlobals) = postSolution
		SolutionGuid = {9AFCE592-2872-417C-8DF6-03FA55FC8BB7}
	EndGlobalSection
EndGlobal
