
Microsoft Visual Studio Solution File, Format Version 12.00
# Visual Studio Version 17
VisualStudioVersion = 17.1.32421.90
MinimumVisualStudioVersion = 10.0.40219.1
Project("{9A19103F-16F7-4668-BE54-9A1E7A4F7556}") = "03_LerArquivo_Lista", "03_LerArquivo_Lista.csproj", "{520C7F76-02C2-4A0C-AEF6-D506663FCFAC}"
EndProject
Global
	GlobalSection(SolutionConfigurationPlatforms) = preSolution
		Debug|Any CPU = Debug|Any CPU
		Release|Any CPU = Release|Any CPU
	EndGlobalSection
	GlobalSection(ProjectConfigurationPlatforms) = postSolution
		{520C7F76-02C2-4A0C-AEF6-D506663FCFAC}.Debug|Any CPU.ActiveCfg = Debug|Any CPU
		{520C7F76-02C2-4A0C-AEF6-D506663FCFAC}.Debug|Any CPU.Build.0 = Debug|Any CPU
		{520C7F76-02C2-4A0C-AEF6-D506663FCFAC}.Release|Any CPU.ActiveCfg = Release|Any CPU
		{520C7F76-02C2-4A0C-AEF6-D506663FCFAC}.Release|Any CPU.Build.0 = Release|Any CPU
	EndGlobalSection
	GlobalSection(SolutionProperties) = preSolution
		HideSolutionNode = FALSE
	EndGlobalSection
	GlobalSection(ExtensibilityGlobals) = postSolution
		SolutionGuid = {3C11E877-FA53-4841-9D4D-3FC36D9195DF}
	EndGlobalSection
EndGlobal
