
Microsoft Visual Studio Solution File, Format Version 12.00
# Visual Studio Version 17
VisualStudioVersion = 17.1.32421.90
MinimumVisualStudioVersion = 10.0.40219.1
Project("{FAE04EC0-301F-11D3-BF4B-00C04F79EFBC}") = "Drop5_escreverArquivo", "Drop5_escreverArquivo.csproj", "{286606C0-8E19-4986-B934-286FBF9687F1}"
EndProject
Global
	GlobalSection(SolutionConfigurationPlatforms) = preSolution
		Debug|Any CPU = Debug|Any CPU
		Release|Any CPU = Release|Any CPU
	EndGlobalSection
	GlobalSection(ProjectConfigurationPlatforms) = postSolution
		{286606C0-8E19-4986-B934-286FBF9687F1}.Debug|Any CPU.ActiveCfg = Debug|Any CPU
		{286606C0-8E19-4986-B934-286FBF9687F1}.Debug|Any CPU.Build.0 = Debug|Any CPU
		{286606C0-8E19-4986-B934-286FBF9687F1}.Release|Any CPU.ActiveCfg = Release|Any CPU
		{286606C0-8E19-4986-B934-286FBF9687F1}.Release|Any CPU.Build.0 = Release|Any CPU
	EndGlobalSection
	GlobalSection(SolutionProperties) = preSolution
		HideSolutionNode = FALSE
	EndGlobalSection
	GlobalSection(ExtensibilityGlobals) = postSolution
		SolutionGuid = {2D1B5212-29C6-4E13-92BD-BA3CB53E4150}
	EndGlobalSection
EndGlobal
