
Microsoft Visual Studio Solution File, Format Version 12.00
# Visual Studio Version 17
VisualStudioVersion = 17.1.32421.90
MinimumVisualStudioVersion = 10.0.40219.1
Project("{FAE04EC0-301F-11D3-BF4B-00C04F79EFBC}") = "exemplo4", "exemplo4.csproj", "{DB2DD10E-F16D-4710-AD66-CB7FA327CF6E}"
EndProject
Global
	GlobalSection(SolutionConfigurationPlatforms) = preSolution
		Debug|Any CPU = Debug|Any CPU
		Release|Any CPU = Release|Any CPU
	EndGlobalSection
	GlobalSection(ProjectConfigurationPlatforms) = postSolution
		{DB2DD10E-F16D-4710-AD66-CB7FA327CF6E}.Debug|Any CPU.ActiveCfg = Debug|Any CPU
		{DB2DD10E-F16D-4710-AD66-CB7FA327CF6E}.Debug|Any CPU.Build.0 = Debug|Any CPU
		{DB2DD10E-F16D-4710-AD66-CB7FA327CF6E}.Release|Any CPU.ActiveCfg = Release|Any CPU
		{DB2DD10E-F16D-4710-AD66-CB7FA327CF6E}.Release|Any CPU.Build.0 = Release|Any CPU
	EndGlobalSection
	GlobalSection(SolutionProperties) = preSolution
		HideSolutionNode = FALSE
	EndGlobalSection
	GlobalSection(ExtensibilityGlobals) = postSolution
		SolutionGuid = {C44972F6-3590-4D49-9013-491047FFA130}
	EndGlobalSection
EndGlobal
